// !$*UTF8*$!
{
	archiveVersion = 1;
	classes = {
	};
	objectVersion = 50;
	objects = {

/* Begin PBXBuildFile section */
		03DE6DA6139E6DCA91D230F9 /* Pods_cat_wallet_ios_2nd.framework in Frameworks */ = {isa = PBXBuildFile; fileRef = B3D531AB9995410F27218089 /* Pods_cat_wallet_ios_2nd.framework */; };
		AD11D5B32196516200B6BE65 /* SendNavigationTableViewController.swift in Sources */ = {isa = PBXBuildFile; fileRef = AD11D5B12196516200B6BE65 /* SendNavigationTableViewController.swift */; };
		AD11D5B42196516200B6BE65 /* SendNavigationTableViewController.xib in Resources */ = {isa = PBXBuildFile; fileRef = AD11D5B22196516200B6BE65 /* SendNavigationTableViewController.xib */; };
		AD11D5B7219651DE00B6BE65 /* SendTableViewCell.swift in Sources */ = {isa = PBXBuildFile; fileRef = AD11D5B5219651DE00B6BE65 /* SendTableViewCell.swift */; };
		AD11D5B8219651DE00B6BE65 /* SendTableViewCell.xib in Resources */ = {isa = PBXBuildFile; fileRef = AD11D5B6219651DE00B6BE65 /* SendTableViewCell.xib */; };
		AD1CFF0821965B8A00843B91 /* WebServiceHandler.swift in Sources */ = {isa = PBXBuildFile; fileRef = AD1CFEFD21965B8800843B91 /* WebServiceHandler.swift */; };
		AD1CFF0921965B8A00843B91 /* CoinMarket.swift in Sources */ = {isa = PBXBuildFile; fileRef = AD1CFEFE21965B8800843B91 /* CoinMarket.swift */; };
		AD1CFF0B21965B8A00843B91 /* CoinMarketTableViewCell.xib in Resources */ = {isa = PBXBuildFile; fileRef = AD1CFF0021965B8900843B91 /* CoinMarketTableViewCell.xib */; };
		AD1CFF0C21965B8A00843B91 /* CoinMarketDetialViewController.xib in Resources */ = {isa = PBXBuildFile; fileRef = AD1CFF0121965B8900843B91 /* CoinMarketDetialViewController.xib */; };
		AD1CFF0D21965B8A00843B91 /* CoinMarketTableViewController.swift in Sources */ = {isa = PBXBuildFile; fileRef = AD1CFF0221965B8900843B91 /* CoinMarketTableViewController.swift */; };
		AD1CFF0E21965B8A00843B91 /* CoinMarketDetialViewController.swift in Sources */ = {isa = PBXBuildFile; fileRef = AD1CFF0321965B8900843B91 /* CoinMarketDetialViewController.swift */; };
		AD1CFF0F21965B8A00843B91 /* CoinMarketTableViewCell.swift in Sources */ = {isa = PBXBuildFile; fileRef = AD1CFF0421965B8A00843B91 /* CoinMarketTableViewCell.swift */; };
		AD1CFF1021965B8A00843B91 /* CoinMarketContant.swift in Sources */ = {isa = PBXBuildFile; fileRef = AD1CFF0521965B8A00843B91 /* CoinMarketContant.swift */; };
		AD1CFF1121965B8A00843B91 /* TableViewCell.swift in Sources */ = {isa = PBXBuildFile; fileRef = AD1CFF0621965B8A00843B91 /* TableViewCell.swift */; };
		AD1CFF1221965B8A00843B91 /* TableViewCell.xib in Resources */ = {isa = PBXBuildFile; fileRef = AD1CFF0721965B8A00843B91 /* TableViewCell.xib */; };
		AD1CFF1C21966A9F00843B91 /* BottomPopupDismissAnimator.swift in Sources */ = {isa = PBXBuildFile; fileRef = AD1CFF1421966A9D00843B91 /* BottomPopupDismissAnimator.swift */; };
		AD1CFF1D21966A9F00843B91 /* BottomPopupUtils.swift in Sources */ = {isa = PBXBuildFile; fileRef = AD1CFF1521966A9D00843B91 /* BottomPopupUtils.swift */; };
		AD1CFF1E21966A9F00843B91 /* BottomPopupPresentationController.swift in Sources */ = {isa = PBXBuildFile; fileRef = AD1CFF1621966A9E00843B91 /* BottomPopupPresentationController.swift */; };
		AD1CFF1F21966A9F00843B91 /* BottomPopupPresentAnimator.swift in Sources */ = {isa = PBXBuildFile; fileRef = AD1CFF1721966A9E00843B91 /* BottomPopupPresentAnimator.swift */; };
		AD1CFF2021966A9F00843B91 /* BottomPopupNavigationController.swift in Sources */ = {isa = PBXBuildFile; fileRef = AD1CFF1821966A9E00843B91 /* BottomPopupNavigationController.swift */; };
		AD1CFF2121966A9F00843B91 /* BottomPopupTransitionHandler.swift in Sources */ = {isa = PBXBuildFile; fileRef = AD1CFF1921966A9E00843B91 /* BottomPopupTransitionHandler.swift */; };
		AD1CFF2221966A9F00843B91 /* BottomPopupDismissInteractionController.swift in Sources */ = {isa = PBXBuildFile; fileRef = AD1CFF1A21966A9E00843B91 /* BottomPopupDismissInteractionController.swift */; };
		AD1CFF2321966A9F00843B91 /* BottomPopupViewController.swift in Sources */ = {isa = PBXBuildFile; fileRef = AD1CFF1B21966A9F00843B91 /* BottomPopupViewController.swift */; };
		AD1CFF2C21979A8100843B91 /* SendPopUpViewController.swift in Sources */ = {isa = PBXBuildFile; fileRef = AD1CFF2A21979A8100843B91 /* SendPopUpViewController.swift */; };
		AD1CFF2D21979A8100843B91 /* SendPopUpViewController.xib in Resources */ = {isa = PBXBuildFile; fileRef = AD1CFF2B21979A8100843B91 /* SendPopUpViewController.xib */; };
		AD1CFF342197B0DA00843B91 /* HistoryViewController.swift in Sources */ = {isa = PBXBuildFile; fileRef = AD1CFF322197B0DA00843B91 /* HistoryViewController.swift */; };
		AD1CFF352197B0DA00843B91 /* HistoryViewController.xib in Resources */ = {isa = PBXBuildFile; fileRef = AD1CFF332197B0DA00843B91 /* HistoryViewController.xib */; };
		AD1CFF382197B33300843B91 /* HistoryTableViewCell.swift in Sources */ = {isa = PBXBuildFile; fileRef = AD1CFF362197B33300843B91 /* HistoryTableViewCell.swift */; };
		AD1CFF392197B33300843B91 /* HistoryTableViewCell.xib in Resources */ = {isa = PBXBuildFile; fileRef = AD1CFF372197B33300843B91 /* HistoryTableViewCell.xib */; };
		AD1CFF442197C03A00843B91 /* SendNavigationViewController.swift in Sources */ = {isa = PBXBuildFile; fileRef = AD1CFF432197C03A00843B91 /* SendNavigationViewController.swift */; };
		AD1CFF462197C05800843B91 /* SendViewController.swift in Sources */ = {isa = PBXBuildFile; fileRef = AD1CFF452197C05800843B91 /* SendViewController.swift */; };
		AD1CFF482197C6D200843B91 /* SendStoryboard.storyboard in Resources */ = {isa = PBXBuildFile; fileRef = AD1CFF472197C6D200843B91 /* SendStoryboard.storyboard */; };
		AD1CFF4A2197CFFA00843B91 /* SetButton.swift in Sources */ = {isa = PBXBuildFile; fileRef = AD1CFF492197CFFA00843B91 /* SetButton.swift */; };
		AD1CFF4F2197D3AB00843B91 /* ContactsViewController.swift in Sources */ = {isa = PBXBuildFile; fileRef = AD1CFF4D2197D3AB00843B91 /* ContactsViewController.swift */; };
		AD1CFF502197D3AB00843B91 /* ContactsViewController.xib in Resources */ = {isa = PBXBuildFile; fileRef = AD1CFF4E2197D3AB00843B91 /* ContactsViewController.xib */; };
		AD1CFF532197D98100843B91 /* ContactsTableViewCell.swift in Sources */ = {isa = PBXBuildFile; fileRef = AD1CFF512197D98100843B91 /* ContactsTableViewCell.swift */; };
		AD1CFF542197D98100843B91 /* ContactsTableViewCell.xib in Resources */ = {isa = PBXBuildFile; fileRef = AD1CFF522197D98100843B91 /* ContactsTableViewCell.xib */; };
		AD1CFF57219A711400843B91 /* DAppViewController.swift in Sources */ = {isa = PBXBuildFile; fileRef = AD1CFF55219A711400843B91 /* DAppViewController.swift */; };
		AD1CFF58219A711400843B91 /* DAppViewController.xib in Resources */ = {isa = PBXBuildFile; fileRef = AD1CFF56219A711400843B91 /* DAppViewController.xib */; };
		AD1CFF5E219CF86D00843B91 /* SuccessCreationViewController.swift in Sources */ = {isa = PBXBuildFile; fileRef = AD1CFF5C219CF86D00843B91 /* SuccessCreationViewController.swift */; };
		AD1CFF5F219CF86D00843B91 /* SuccessCreationViewController.xib in Resources */ = {isa = PBXBuildFile; fileRef = AD1CFF5D219CF86D00843B91 /* SuccessCreationViewController.xib */; };
		AD1CFF61219CFDC900843B91 /* MainTabBarController.swift in Sources */ = {isa = PBXBuildFile; fileRef = AD1CFF60219CFDC900843B91 /* MainTabBarController.swift */; };
		AD543354218253AF00F58C06 /* WalletsStoryboard.storyboard in Resources */ = {isa = PBXBuildFile; fileRef = AD543353218253AF00F58C06 /* WalletsStoryboard.storyboard */; };
		AD543356218253C700F58C06 /* WalletsTableViewController.swift in Sources */ = {isa = PBXBuildFile; fileRef = AD543355218253C700F58C06 /* WalletsTableViewController.swift */; };
		AD5433582182548A00F58C06 /* NewWalletViewController.swift in Sources */ = {isa = PBXBuildFile; fileRef = AD5433572182548A00F58C06 /* NewWalletViewController.swift */; };
		AD54335A2182554F00F58C06 /* WalletModel.swift in Sources */ = {isa = PBXBuildFile; fileRef = AD5433592182554F00F58C06 /* WalletModel.swift */; };
		AD54335C2182580300F58C06 /* WalletsViewModel.swift in Sources */ = {isa = PBXBuildFile; fileRef = AD54335B2182580300F58C06 /* WalletsViewModel.swift */; };
		AD54335E2182616900F58C06 /* WalletError.swift in Sources */ = {isa = PBXBuildFile; fileRef = AD54335D2182616900F58C06 /* WalletError.swift */; };
		AD54336121838F1800F58C06 /* CreateWalletResultViewController.swift in Sources */ = {isa = PBXBuildFile; fileRef = AD54335F21838F1800F58C06 /* CreateWalletResultViewController.swift */; };
		AD54336221838F1800F58C06 /* CreateWalletResultViewController.xib in Resources */ = {isa = PBXBuildFile; fileRef = AD54336021838F1800F58C06 /* CreateWalletResultViewController.xib */; };
		AD6CBF7221A0C88D002232C3 /* RealmModel.swift in Sources */ = {isa = PBXBuildFile; fileRef = AD6CBF7121A0C88D002232C3 /* RealmModel.swift */; };
		ADB04B3F2194FE4600790A3D /* WalletsViewController.swift in Sources */ = {isa = PBXBuildFile; fileRef = ADB04B3E2194FE4600790A3D /* WalletsViewController.swift */; };
		ADB04B492195234100790A3D /* SGPageContentScrollView.swift in Sources */ = {isa = PBXBuildFile; fileRef = ADB04B442195234000790A3D /* SGPageContentScrollView.swift */; };
		ADB04B4A2195234100790A3D /* SGPageViewPopGestureVC.swift in Sources */ = {isa = PBXBuildFile; fileRef = ADB04B452195234000790A3D /* SGPageViewPopGestureVC.swift */; };
		ADB04B4B2195234100790A3D /* SGPageContentCollectionView.swift in Sources */ = {isa = PBXBuildFile; fileRef = ADB04B462195234000790A3D /* SGPageContentCollectionView.swift */; };
		ADB04B4C2195234100790A3D /* SGPageTitleViewConfigure.swift in Sources */ = {isa = PBXBuildFile; fileRef = ADB04B472195234000790A3D /* SGPageTitleViewConfigure.swift */; };
		ADB04B4D2195234100790A3D /* SGPageTitleView.swift in Sources */ = {isa = PBXBuildFile; fileRef = ADB04B482195234100790A3D /* SGPageTitleView.swift */; };
		ADB04B51219525EA00790A3D /* CentralizedWalletViewController.swift in Sources */ = {isa = PBXBuildFile; fileRef = ADB04B4F219525EA00790A3D /* CentralizedWalletViewController.swift */; };
		ADB04B52219525EA00790A3D /* CentralizedWalletViewController.xib in Resources */ = {isa = PBXBuildFile; fileRef = ADB04B50219525EA00790A3D /* CentralizedWalletViewController.xib */; };
		ADB9091721A0FAF100480883 /* SendResultViewController.swift in Sources */ = {isa = PBXBuildFile; fileRef = ADB9091521A0FAF100480883 /* SendResultViewController.swift */; };
		ADB9091821A0FAF100480883 /* SendResultViewController.xib in Resources */ = {isa = PBXBuildFile; fileRef = ADB9091621A0FAF100480883 /* SendResultViewController.xib */; };
		ADB9091B21A102EB00480883 /* SendFinalResultViewController.swift in Sources */ = {isa = PBXBuildFile; fileRef = ADB9091921A102EB00480883 /* SendFinalResultViewController.swift */; };
		ADB9091C21A102EB00480883 /* SendFinalResultViewController.xib in Resources */ = {isa = PBXBuildFile; fileRef = ADB9091A21A102EB00480883 /* SendFinalResultViewController.xib */; };
		ADB9092221A61E4D00480883 /* SettingTableViewController.swift in Sources */ = {isa = PBXBuildFile; fileRef = ADB9092121A61E4D00480883 /* SettingTableViewController.swift */; };
		ADB9092421AB67EC00480883 /* ContactsService.swift in Sources */ = {isa = PBXBuildFile; fileRef = ADB9092321AB67EC00480883 /* ContactsService.swift */; };
		ADB9092921AB6D3800480883 /* NewContactViewController.swift in Sources */ = {isa = PBXBuildFile; fileRef = ADB9092721AB6D3800480883 /* NewContactViewController.swift */; };
		ADB9092A21AB6D3800480883 /* NewContactViewController.xib in Resources */ = {isa = PBXBuildFile; fileRef = ADB9092821AB6D3800480883 /* NewContactViewController.xib */; };
		ADB9093121AB747100480883 /* ContactModel.swift in Sources */ = {isa = PBXBuildFile; fileRef = ADB9093021AB747100480883 /* ContactModel.swift */; };
		ADB9093321ABD27700480883 /* String.swift in Sources */ = {isa = PBXBuildFile; fileRef = ADB9093221ABD27700480883 /* String.swift */; };
		ADC7887F21AE01630073B94E /* ReceiveViewController.swift in Sources */ = {isa = PBXBuildFile; fileRef = ADC7887D21AE01630073B94E /* ReceiveViewController.swift */; };
		ADC7888021AE01630073B94E /* ReceiveViewController.xib in Resources */ = {isa = PBXBuildFile; fileRef = ADC7887E21AE01630073B94E /* ReceiveViewController.xib */; };
		ADC7888221AE41330073B94E /* QRSacnerViewController.swift in Sources */ = {isa = PBXBuildFile; fileRef = ADC7888121AE41330073B94E /* QRSacnerViewController.swift */; };
		ADC99BFB217BA247008740BD /* AppDelegate.swift in Sources */ = {isa = PBXBuildFile; fileRef = ADC99BFA217BA247008740BD /* AppDelegate.swift */; };
		ADC99BFD217BA247008740BD /* ViewController.swift in Sources */ = {isa = PBXBuildFile; fileRef = ADC99BFC217BA247008740BD /* ViewController.swift */; };
		ADC99C00217BA247008740BD /* Main.storyboard in Resources */ = {isa = PBXBuildFile; fileRef = ADC99BFE217BA247008740BD /* Main.storyboard */; };
		ADC99C02217BA249008740BD /* Assets.xcassets in Resources */ = {isa = PBXBuildFile; fileRef = ADC99C01217BA249008740BD /* Assets.xcassets */; };
		ADC99C05217BA249008740BD /* LaunchScreen.storyboard in Resources */ = {isa = PBXBuildFile; fileRef = ADC99C03217BA249008740BD /* LaunchScreen.storyboard */; };
/* End PBXBuildFile section */

/* Begin PBXFileReference section */
		56B004E6FDBB87F45F5AFB54 /* Pods-cat-wallet-ios-2nd.debug.xcconfig */ = {isa = PBXFileReference; includeInIndex = 1; lastKnownFileType = text.xcconfig; name = "Pods-cat-wallet-ios-2nd.debug.xcconfig"; path = "Pods/Target Support Files/Pods-cat-wallet-ios-2nd/Pods-cat-wallet-ios-2nd.debug.xcconfig"; sourceTree = "<group>"; };
		90089F524BB8EB34418614CD /* Pods-cat-wallet-ios-2nd.release.xcconfig */ = {isa = PBXFileReference; includeInIndex = 1; lastKnownFileType = text.xcconfig; name = "Pods-cat-wallet-ios-2nd.release.xcconfig"; path = "Pods/Target Support Files/Pods-cat-wallet-ios-2nd/Pods-cat-wallet-ios-2nd.release.xcconfig"; sourceTree = "<group>"; };
		AD11D5B12196516200B6BE65 /* SendNavigationTableViewController.swift */ = {isa = PBXFileReference; lastKnownFileType = sourcecode.swift; path = SendNavigationTableViewController.swift; sourceTree = "<group>"; };
		AD11D5B22196516200B6BE65 /* SendNavigationTableViewController.xib */ = {isa = PBXFileReference; lastKnownFileType = file.xib; path = SendNavigationTableViewController.xib; sourceTree = "<group>"; };
		AD11D5B5219651DE00B6BE65 /* SendTableViewCell.swift */ = {isa = PBXFileReference; lastKnownFileType = sourcecode.swift; path = SendTableViewCell.swift; sourceTree = "<group>"; };
		AD11D5B6219651DE00B6BE65 /* SendTableViewCell.xib */ = {isa = PBXFileReference; lastKnownFileType = file.xib; path = SendTableViewCell.xib; sourceTree = "<group>"; };
		AD1CFEFD21965B8800843B91 /* WebServiceHandler.swift */ = {isa = PBXFileReference; fileEncoding = 4; lastKnownFileType = sourcecode.swift; path = WebServiceHandler.swift; sourceTree = "<group>"; };
		AD1CFEFE21965B8800843B91 /* CoinMarket.swift */ = {isa = PBXFileReference; fileEncoding = 4; lastKnownFileType = sourcecode.swift; path = CoinMarket.swift; sourceTree = "<group>"; };
		AD1CFF0021965B8900843B91 /* CoinMarketTableViewCell.xib */ = {isa = PBXFileReference; fileEncoding = 4; lastKnownFileType = file.xib; path = CoinMarketTableViewCell.xib; sourceTree = "<group>"; };
		AD1CFF0121965B8900843B91 /* CoinMarketDetialViewController.xib */ = {isa = PBXFileReference; fileEncoding = 4; lastKnownFileType = file.xib; path = CoinMarketDetialViewController.xib; sourceTree = "<group>"; };
		AD1CFF0221965B8900843B91 /* CoinMarketTableViewController.swift */ = {isa = PBXFileReference; fileEncoding = 4; lastKnownFileType = sourcecode.swift; path = CoinMarketTableViewController.swift; sourceTree = "<group>"; };
		AD1CFF0321965B8900843B91 /* CoinMarketDetialViewController.swift */ = {isa = PBXFileReference; fileEncoding = 4; lastKnownFileType = sourcecode.swift; path = CoinMarketDetialViewController.swift; sourceTree = "<group>"; };
		AD1CFF0421965B8A00843B91 /* CoinMarketTableViewCell.swift */ = {isa = PBXFileReference; fileEncoding = 4; lastKnownFileType = sourcecode.swift; path = CoinMarketTableViewCell.swift; sourceTree = "<group>"; };
		AD1CFF0521965B8A00843B91 /* CoinMarketContant.swift */ = {isa = PBXFileReference; fileEncoding = 4; lastKnownFileType = sourcecode.swift; path = CoinMarketContant.swift; sourceTree = "<group>"; };
		AD1CFF0621965B8A00843B91 /* TableViewCell.swift */ = {isa = PBXFileReference; fileEncoding = 4; lastKnownFileType = sourcecode.swift; path = TableViewCell.swift; sourceTree = "<group>"; };
		AD1CFF0721965B8A00843B91 /* TableViewCell.xib */ = {isa = PBXFileReference; fileEncoding = 4; lastKnownFileType = file.xib; path = TableViewCell.xib; sourceTree = "<group>"; };
		AD1CFF1421966A9D00843B91 /* BottomPopupDismissAnimator.swift */ = {isa = PBXFileReference; fileEncoding = 4; lastKnownFileType = sourcecode.swift; path = BottomPopupDismissAnimator.swift; sourceTree = "<group>"; };
		AD1CFF1521966A9D00843B91 /* BottomPopupUtils.swift */ = {isa = PBXFileReference; fileEncoding = 4; lastKnownFileType = sourcecode.swift; path = BottomPopupUtils.swift; sourceTree = "<group>"; };
		AD1CFF1621966A9E00843B91 /* BottomPopupPresentationController.swift */ = {isa = PBXFileReference; fileEncoding = 4; lastKnownFileType = sourcecode.swift; path = BottomPopupPresentationController.swift; sourceTree = "<group>"; };
		AD1CFF1721966A9E00843B91 /* BottomPopupPresentAnimator.swift */ = {isa = PBXFileReference; fileEncoding = 4; lastKnownFileType = sourcecode.swift; path = BottomPopupPresentAnimator.swift; sourceTree = "<group>"; };
		AD1CFF1821966A9E00843B91 /* BottomPopupNavigationController.swift */ = {isa = PBXFileReference; fileEncoding = 4; lastKnownFileType = sourcecode.swift; path = BottomPopupNavigationController.swift; sourceTree = "<group>"; };
		AD1CFF1921966A9E00843B91 /* BottomPopupTransitionHandler.swift */ = {isa = PBXFileReference; fileEncoding = 4; lastKnownFileType = sourcecode.swift; path = BottomPopupTransitionHandler.swift; sourceTree = "<group>"; };
		AD1CFF1A21966A9E00843B91 /* BottomPopupDismissInteractionController.swift */ = {isa = PBXFileReference; fileEncoding = 4; lastKnownFileType = sourcecode.swift; path = BottomPopupDismissInteractionController.swift; sourceTree = "<group>"; };
		AD1CFF1B21966A9F00843B91 /* BottomPopupViewController.swift */ = {isa = PBXFileReference; fileEncoding = 4; lastKnownFileType = sourcecode.swift; path = BottomPopupViewController.swift; sourceTree = "<group>"; };
		AD1CFF2A21979A8100843B91 /* SendPopUpViewController.swift */ = {isa = PBXFileReference; lastKnownFileType = sourcecode.swift; path = SendPopUpViewController.swift; sourceTree = "<group>"; };
		AD1CFF2B21979A8100843B91 /* SendPopUpViewController.xib */ = {isa = PBXFileReference; lastKnownFileType = file.xib; path = SendPopUpViewController.xib; sourceTree = "<group>"; };
		AD1CFF322197B0DA00843B91 /* HistoryViewController.swift */ = {isa = PBXFileReference; lastKnownFileType = sourcecode.swift; path = HistoryViewController.swift; sourceTree = "<group>"; };
		AD1CFF332197B0DA00843B91 /* HistoryViewController.xib */ = {isa = PBXFileReference; lastKnownFileType = file.xib; path = HistoryViewController.xib; sourceTree = "<group>"; };
		AD1CFF362197B33300843B91 /* HistoryTableViewCell.swift */ = {isa = PBXFileReference; lastKnownFileType = sourcecode.swift; path = HistoryTableViewCell.swift; sourceTree = "<group>"; };
		AD1CFF372197B33300843B91 /* HistoryTableViewCell.xib */ = {isa = PBXFileReference; lastKnownFileType = file.xib; path = HistoryTableViewCell.xib; sourceTree = "<group>"; };
		AD1CFF432197C03A00843B91 /* SendNavigationViewController.swift */ = {isa = PBXFileReference; lastKnownFileType = sourcecode.swift; path = SendNavigationViewController.swift; sourceTree = "<group>"; };
		AD1CFF452197C05800843B91 /* SendViewController.swift */ = {isa = PBXFileReference; lastKnownFileType = sourcecode.swift; path = SendViewController.swift; sourceTree = "<group>"; };
		AD1CFF472197C6D200843B91 /* SendStoryboard.storyboard */ = {isa = PBXFileReference; lastKnownFileType = file.storyboard; path = SendStoryboard.storyboard; sourceTree = "<group>"; };
		AD1CFF492197CFFA00843B91 /* SetButton.swift */ = {isa = PBXFileReference; lastKnownFileType = sourcecode.swift; path = SetButton.swift; sourceTree = "<group>"; };
		AD1CFF4D2197D3AB00843B91 /* ContactsViewController.swift */ = {isa = PBXFileReference; lastKnownFileType = sourcecode.swift; path = ContactsViewController.swift; sourceTree = "<group>"; };
		AD1CFF4E2197D3AB00843B91 /* ContactsViewController.xib */ = {isa = PBXFileReference; lastKnownFileType = file.xib; path = ContactsViewController.xib; sourceTree = "<group>"; };
		AD1CFF512197D98100843B91 /* ContactsTableViewCell.swift */ = {isa = PBXFileReference; lastKnownFileType = sourcecode.swift; path = ContactsTableViewCell.swift; sourceTree = "<group>"; };
		AD1CFF522197D98100843B91 /* ContactsTableViewCell.xib */ = {isa = PBXFileReference; lastKnownFileType = file.xib; path = ContactsTableViewCell.xib; sourceTree = "<group>"; };
		AD1CFF55219A711400843B91 /* DAppViewController.swift */ = {isa = PBXFileReference; lastKnownFileType = sourcecode.swift; path = DAppViewController.swift; sourceTree = "<group>"; };
		AD1CFF56219A711400843B91 /* DAppViewController.xib */ = {isa = PBXFileReference; lastKnownFileType = file.xib; path = DAppViewController.xib; sourceTree = "<group>"; };
		AD1CFF5C219CF86D00843B91 /* SuccessCreationViewController.swift */ = {isa = PBXFileReference; lastKnownFileType = sourcecode.swift; path = SuccessCreationViewController.swift; sourceTree = "<group>"; };
		AD1CFF5D219CF86D00843B91 /* SuccessCreationViewController.xib */ = {isa = PBXFileReference; lastKnownFileType = file.xib; path = SuccessCreationViewController.xib; sourceTree = "<group>"; };
		AD1CFF60219CFDC900843B91 /* MainTabBarController.swift */ = {isa = PBXFileReference; lastKnownFileType = sourcecode.swift; path = MainTabBarController.swift; sourceTree = "<group>"; };
		AD543353218253AF00F58C06 /* WalletsStoryboard.storyboard */ = {isa = PBXFileReference; lastKnownFileType = file.storyboard; path = WalletsStoryboard.storyboard; sourceTree = "<group>"; };
		AD543355218253C700F58C06 /* WalletsTableViewController.swift */ = {isa = PBXFileReference; lastKnownFileType = sourcecode.swift; path = WalletsTableViewController.swift; sourceTree = "<group>"; };
		AD5433572182548A00F58C06 /* NewWalletViewController.swift */ = {isa = PBXFileReference; lastKnownFileType = sourcecode.swift; path = NewWalletViewController.swift; sourceTree = "<group>"; };
		AD5433592182554F00F58C06 /* WalletModel.swift */ = {isa = PBXFileReference; lastKnownFileType = sourcecode.swift; path = WalletModel.swift; sourceTree = "<group>"; };
		AD54335B2182580300F58C06 /* WalletsViewModel.swift */ = {isa = PBXFileReference; lastKnownFileType = sourcecode.swift; path = WalletsViewModel.swift; sourceTree = "<group>"; };
		AD54335D2182616900F58C06 /* WalletError.swift */ = {isa = PBXFileReference; lastKnownFileType = sourcecode.swift; path = WalletError.swift; sourceTree = "<group>"; };
		AD54335F21838F1800F58C06 /* CreateWalletResultViewController.swift */ = {isa = PBXFileReference; lastKnownFileType = sourcecode.swift; path = CreateWalletResultViewController.swift; sourceTree = "<group>"; };
		AD54336021838F1800F58C06 /* CreateWalletResultViewController.xib */ = {isa = PBXFileReference; lastKnownFileType = file.xib; path = CreateWalletResultViewController.xib; sourceTree = "<group>"; };
		AD6CBF7121A0C88D002232C3 /* RealmModel.swift */ = {isa = PBXFileReference; lastKnownFileType = sourcecode.swift; path = RealmModel.swift; sourceTree = "<group>"; };
		ADB04B3E2194FE4600790A3D /* WalletsViewController.swift */ = {isa = PBXFileReference; lastKnownFileType = sourcecode.swift; path = WalletsViewController.swift; sourceTree = "<group>"; };
		ADB04B442195234000790A3D /* SGPageContentScrollView.swift */ = {isa = PBXFileReference; fileEncoding = 4; lastKnownFileType = sourcecode.swift; path = SGPageContentScrollView.swift; sourceTree = "<group>"; };
		ADB04B452195234000790A3D /* SGPageViewPopGestureVC.swift */ = {isa = PBXFileReference; fileEncoding = 4; lastKnownFileType = sourcecode.swift; path = SGPageViewPopGestureVC.swift; sourceTree = "<group>"; };
		ADB04B462195234000790A3D /* SGPageContentCollectionView.swift */ = {isa = PBXFileReference; fileEncoding = 4; lastKnownFileType = sourcecode.swift; path = SGPageContentCollectionView.swift; sourceTree = "<group>"; };
		ADB04B472195234000790A3D /* SGPageTitleViewConfigure.swift */ = {isa = PBXFileReference; fileEncoding = 4; lastKnownFileType = sourcecode.swift; path = SGPageTitleViewConfigure.swift; sourceTree = "<group>"; };
		ADB04B482195234100790A3D /* SGPageTitleView.swift */ = {isa = PBXFileReference; fileEncoding = 4; lastKnownFileType = sourcecode.swift; path = SGPageTitleView.swift; sourceTree = "<group>"; };
		ADB04B4F219525EA00790A3D /* CentralizedWalletViewController.swift */ = {isa = PBXFileReference; lastKnownFileType = sourcecode.swift; path = CentralizedWalletViewController.swift; sourceTree = "<group>"; };
		ADB04B50219525EA00790A3D /* CentralizedWalletViewController.xib */ = {isa = PBXFileReference; lastKnownFileType = file.xib; path = CentralizedWalletViewController.xib; sourceTree = "<group>"; };
		ADB9091521A0FAF100480883 /* SendResultViewController.swift */ = {isa = PBXFileReference; lastKnownFileType = sourcecode.swift; path = SendResultViewController.swift; sourceTree = "<group>"; };
		ADB9091621A0FAF100480883 /* SendResultViewController.xib */ = {isa = PBXFileReference; lastKnownFileType = file.xib; path = SendResultViewController.xib; sourceTree = "<group>"; };
		ADB9091921A102EB00480883 /* SendFinalResultViewController.swift */ = {isa = PBXFileReference; lastKnownFileType = sourcecode.swift; path = SendFinalResultViewController.swift; sourceTree = "<group>"; };
		ADB9091A21A102EB00480883 /* SendFinalResultViewController.xib */ = {isa = PBXFileReference; lastKnownFileType = file.xib; path = SendFinalResultViewController.xib; sourceTree = "<group>"; };
		ADB9092121A61E4D00480883 /* SettingTableViewController.swift */ = {isa = PBXFileReference; lastKnownFileType = sourcecode.swift; path = SettingTableViewController.swift; sourceTree = "<group>"; };
		ADB9092321AB67EC00480883 /* ContactsService.swift */ = {isa = PBXFileReference; lastKnownFileType = sourcecode.swift; path = ContactsService.swift; sourceTree = "<group>"; };
		ADB9092721AB6D3800480883 /* NewContactViewController.swift */ = {isa = PBXFileReference; lastKnownFileType = sourcecode.swift; path = NewContactViewController.swift; sourceTree = "<group>"; };
		ADB9092821AB6D3800480883 /* NewContactViewController.xib */ = {isa = PBXFileReference; lastKnownFileType = file.xib; path = NewContactViewController.xib; sourceTree = "<group>"; };
		ADB9093021AB747100480883 /* ContactModel.swift */ = {isa = PBXFileReference; lastKnownFileType = sourcecode.swift; path = ContactModel.swift; sourceTree = "<group>"; };
		ADB9093221ABD27700480883 /* String.swift */ = {isa = PBXFileReference; lastKnownFileType = sourcecode.swift; path = String.swift; sourceTree = "<group>"; };
		ADC7887D21AE01630073B94E /* ReceiveViewController.swift */ = {isa = PBXFileReference; lastKnownFileType = sourcecode.swift; path = ReceiveViewController.swift; sourceTree = "<group>"; };
		ADC7887E21AE01630073B94E /* ReceiveViewController.xib */ = {isa = PBXFileReference; lastKnownFileType = file.xib; path = ReceiveViewController.xib; sourceTree = "<group>"; };
		ADC7888121AE41330073B94E /* QRSacnerViewController.swift */ = {isa = PBXFileReference; lastKnownFileType = sourcecode.swift; path = QRSacnerViewController.swift; sourceTree = "<group>"; };
		ADC99BF7217BA247008740BD /* cat-wallet-ios-2nd.app */ = {isa = PBXFileReference; explicitFileType = wrapper.application; includeInIndex = 0; path = "cat-wallet-ios-2nd.app"; sourceTree = BUILT_PRODUCTS_DIR; };
		ADC99BFA217BA247008740BD /* AppDelegate.swift */ = {isa = PBXFileReference; lastKnownFileType = sourcecode.swift; path = AppDelegate.swift; sourceTree = "<group>"; };
		ADC99BFC217BA247008740BD /* ViewController.swift */ = {isa = PBXFileReference; lastKnownFileType = sourcecode.swift; path = ViewController.swift; sourceTree = "<group>"; };
		ADC99BFF217BA247008740BD /* Base */ = {isa = PBXFileReference; lastKnownFileType = file.storyboard; name = Base; path = Base.lproj/Main.storyboard; sourceTree = "<group>"; };
		ADC99C01217BA249008740BD /* Assets.xcassets */ = {isa = PBXFileReference; lastKnownFileType = folder.assetcatalog; path = Assets.xcassets; sourceTree = "<group>"; };
		ADC99C04217BA249008740BD /* Base */ = {isa = PBXFileReference; lastKnownFileType = file.storyboard; name = Base; path = Base.lproj/LaunchScreen.storyboard; sourceTree = "<group>"; };
		ADC99C06217BA249008740BD /* Info.plist */ = {isa = PBXFileReference; lastKnownFileType = text.plist.xml; path = Info.plist; sourceTree = "<group>"; };
		B3D531AB9995410F27218089 /* Pods_cat_wallet_ios_2nd.framework */ = {isa = PBXFileReference; explicitFileType = wrapper.framework; includeInIndex = 0; path = Pods_cat_wallet_ios_2nd.framework; sourceTree = BUILT_PRODUCTS_DIR; };
/* End PBXFileReference section */

/* Begin PBXFrameworksBuildPhase section */
		ADC99BF4217BA247008740BD /* Frameworks */ = {
			isa = PBXFrameworksBuildPhase;
			buildActionMask = 2147483647;
			files = (
				03DE6DA6139E6DCA91D230F9 /* Pods_cat_wallet_ios_2nd.framework in Frameworks */,
			);
			runOnlyForDeploymentPostprocessing = 0;
		};
/* End PBXFrameworksBuildPhase section */

/* Begin PBXGroup section */
		0995CEC5D94F92AADD38A89C /* Pods */ = {
			isa = PBXGroup;
			children = (
				56B004E6FDBB87F45F5AFB54 /* Pods-cat-wallet-ios-2nd.debug.xcconfig */,
				90089F524BB8EB34418614CD /* Pods-cat-wallet-ios-2nd.release.xcconfig */,
			);
			name = Pods;
			sourceTree = "<group>";
		};
		AACFE16C9F8053EF1818F7F9 /* Frameworks */ = {
			isa = PBXGroup;
			children = (
				B3D531AB9995410F27218089 /* Pods_cat_wallet_ios_2nd.framework */,
			);
			name = Frameworks;
			sourceTree = "<group>";
		};
		AD1CFEFC21965A9F00843B91 /* Investment */ = {
			isa = PBXGroup;
			children = (
				AD1CFEFE21965B8800843B91 /* CoinMarket.swift */,
				AD1CFF0521965B8A00843B91 /* CoinMarketContant.swift */,
				AD1CFF0321965B8900843B91 /* CoinMarketDetialViewController.swift */,
				AD1CFF0121965B8900843B91 /* CoinMarketDetialViewController.xib */,
				AD1CFF0421965B8A00843B91 /* CoinMarketTableViewCell.swift */,
				AD1CFF0021965B8900843B91 /* CoinMarketTableViewCell.xib */,
				AD1CFF0221965B8900843B91 /* CoinMarketTableViewController.swift */,
				AD1CFF0621965B8A00843B91 /* TableViewCell.swift */,
				AD1CFF0721965B8A00843B91 /* TableViewCell.xib */,
				AD1CFEFD21965B8800843B91 /* WebServiceHandler.swift */,
			);
			path = Investment;
			sourceTree = "<group>";
		};
		AD1CFF1321966A7C00843B91 /* BottomPopupController */ = {
			isa = PBXGroup;
			children = (
				AD1CFF1421966A9D00843B91 /* BottomPopupDismissAnimator.swift */,
				AD1CFF1A21966A9E00843B91 /* BottomPopupDismissInteractionController.swift */,
				AD1CFF1821966A9E00843B91 /* BottomPopupNavigationController.swift */,
				AD1CFF1721966A9E00843B91 /* BottomPopupPresentAnimator.swift */,
				AD1CFF1621966A9E00843B91 /* BottomPopupPresentationController.swift */,
				AD1CFF1921966A9E00843B91 /* BottomPopupTransitionHandler.swift */,
				AD1CFF1521966A9D00843B91 /* BottomPopupUtils.swift */,
				AD1CFF1B21966A9F00843B91 /* BottomPopupViewController.swift */,
			);
			path = BottomPopupController;
			sourceTree = "<group>";
		};
		AD1CFF422197BFDD00843B91 /* Send */ = {
			isa = PBXGroup;
			children = (
				AD1CFF432197C03A00843B91 /* SendNavigationViewController.swift */,
				AD1CFF452197C05800843B91 /* SendViewController.swift */,
				AD1CFF472197C6D200843B91 /* SendStoryboard.storyboard */,
				AD1CFF4D2197D3AB00843B91 /* ContactsViewController.swift */,
				AD1CFF4E2197D3AB00843B91 /* ContactsViewController.xib */,
				AD1CFF512197D98100843B91 /* ContactsTableViewCell.swift */,
				AD1CFF522197D98100843B91 /* ContactsTableViewCell.xib */,
				ADB9091521A0FAF100480883 /* SendResultViewController.swift */,
				ADB9091621A0FAF100480883 /* SendResultViewController.xib */,
				ADB9091921A102EB00480883 /* SendFinalResultViewController.swift */,
				ADB9091A21A102EB00480883 /* SendFinalResultViewController.xib */,
				ADB9092321AB67EC00480883 /* ContactsService.swift */,
				ADB9092721AB6D3800480883 /* NewContactViewController.swift */,
				ADB9092821AB6D3800480883 /* NewContactViewController.xib */,
				ADB9093021AB747100480883 /* ContactModel.swift */,
				ADC7887D21AE01630073B94E /* ReceiveViewController.swift */,
				ADC7887E21AE01630073B94E /* ReceiveViewController.xib */,
				ADC7888121AE41330073B94E /* QRSacnerViewController.swift */,
			);
			path = Send;
			sourceTree = "<group>";
		};
		AD1CFF59219A711F00843B91 /* DApp */ = {
			isa = PBXGroup;
			children = (
				AD1CFF55219A711400843B91 /* DAppViewController.swift */,
				AD1CFF56219A711400843B91 /* DAppViewController.xib */,
			);
			path = DApp;
			sourceTree = "<group>";
		};
		AD5433522182539A00F58C06 /* Wallets */ = {
			isa = PBXGroup;
			children = (
				AD543353218253AF00F58C06 /* WalletsStoryboard.storyboard */,
				AD543355218253C700F58C06 /* WalletsTableViewController.swift */,
				AD5433572182548A00F58C06 /* NewWalletViewController.swift */,
				AD5433592182554F00F58C06 /* WalletModel.swift */,
				AD54335B2182580300F58C06 /* WalletsViewModel.swift */,
				AD54335D2182616900F58C06 /* WalletError.swift */,
				AD54335F21838F1800F58C06 /* CreateWalletResultViewController.swift */,
				AD54336021838F1800F58C06 /* CreateWalletResultViewController.xib */,
				AD1CFF5C219CF86D00843B91 /* SuccessCreationViewController.swift */,
				AD1CFF5D219CF86D00843B91 /* SuccessCreationViewController.xib */,
			);
			path = Wallets;
			sourceTree = "<group>";
		};
		ADB04B432195232900790A3D /* SegmentView */ = {
			isa = PBXGroup;
			children = (
				ADB04B462195234000790A3D /* SGPageContentCollectionView.swift */,
				ADB04B442195234000790A3D /* SGPageContentScrollView.swift */,
				ADB04B482195234100790A3D /* SGPageTitleView.swift */,
				ADB04B472195234000790A3D /* SGPageTitleViewConfigure.swift */,
				ADB04B452195234000790A3D /* SGPageViewPopGestureVC.swift */,
			);
			path = SegmentView;
			sourceTree = "<group>";
		};
		ADB04B4E2195257C00790A3D /* CentralizedWallet */ = {
			isa = PBXGroup;
			children = (
				ADB04B4F219525EA00790A3D /* CentralizedWalletViewController.swift */,
				ADB04B50219525EA00790A3D /* CentralizedWalletViewController.xib */,
			);
			path = CentralizedWallet;
			sourceTree = "<group>";
		};
		ADB9092021A61D6700480883 /* Setting */ = {
			isa = PBXGroup;
			children = (
				ADB9092121A61E4D00480883 /* SettingTableViewController.swift */,
			);
			path = Setting;
			sourceTree = "<group>";
		};
		ADB9093421ABD27C00480883 /* Extension */ = {
			isa = PBXGroup;
			children = (
				ADB9093221ABD27700480883 /* String.swift */,
			);
			path = Extension;
			sourceTree = "<group>";
		};
		ADC99BEE217BA247008740BD = {
			isa = PBXGroup;
			children = (
				ADC99BF9217BA247008740BD /* cat-wallet-ios-2nd */,
				ADC99BF8217BA247008740BD /* Products */,
				0995CEC5D94F92AADD38A89C /* Pods */,
				AACFE16C9F8053EF1818F7F9 /* Frameworks */,
			);
			sourceTree = "<group>";
		};
		ADC99BF8217BA247008740BD /* Products */ = {
			isa = PBXGroup;
			children = (
				ADC99BF7217BA247008740BD /* cat-wallet-ios-2nd.app */,
			);
			name = Products;
			sourceTree = "<group>";
		};
		ADC99BF9217BA247008740BD /* cat-wallet-ios-2nd */ = {
			isa = PBXGroup;
			children = (
				ADB9093421ABD27C00480883 /* Extension */,
				ADB9092021A61D6700480883 /* Setting */,
				AD1CFF59219A711F00843B91 /* DApp */,
				AD1CFF422197BFDD00843B91 /* Send */,
				AD1CFF1321966A7C00843B91 /* BottomPopupController */,
				AD1CFEFC21965A9F00843B91 /* Investment */,
				ADB04B4E2195257C00790A3D /* CentralizedWallet */,
				ADB04B432195232900790A3D /* SegmentView */,
				AD5433522182539A00F58C06 /* Wallets */,
				ADC99BFA217BA247008740BD /* AppDelegate.swift */,
				AD6CBF7121A0C88D002232C3 /* RealmModel.swift */,
				ADC99BFC217BA247008740BD /* ViewController.swift */,
				ADC99BFE217BA247008740BD /* Main.storyboard */,
				AD1CFF60219CFDC900843B91 /* MainTabBarController.swift */,
				ADC99C01217BA249008740BD /* Assets.xcassets */,
				ADC99C03217BA249008740BD /* LaunchScreen.storyboard */,
				ADC99C06217BA249008740BD /* Info.plist */,
				ADB04B3E2194FE4600790A3D /* WalletsViewController.swift */,
				AD11D5B12196516200B6BE65 /* SendNavigationTableViewController.swift */,
				AD11D5B22196516200B6BE65 /* SendNavigationTableViewController.xib */,
				AD11D5B5219651DE00B6BE65 /* SendTableViewCell.swift */,
				AD11D5B6219651DE00B6BE65 /* SendTableViewCell.xib */,
				AD1CFF2A21979A8100843B91 /* SendPopUpViewController.swift */,
				AD1CFF2B21979A8100843B91 /* SendPopUpViewController.xib */,
				AD1CFF322197B0DA00843B91 /* HistoryViewController.swift */,
				AD1CFF332197B0DA00843B91 /* HistoryViewController.xib */,
				AD1CFF362197B33300843B91 /* HistoryTableViewCell.swift */,
				AD1CFF372197B33300843B91 /* HistoryTableViewCell.xib */,
				AD1CFF492197CFFA00843B91 /* SetButton.swift */,
			);
			path = "cat-wallet-ios-2nd";
			sourceTree = "<group>";
		};
/* End PBXGroup section */

/* Begin PBXNativeTarget section */
		ADC99BF6217BA247008740BD /* cat-wallet-ios-2nd */ = {
			isa = PBXNativeTarget;
			buildConfigurationList = ADC99C09217BA249008740BD /* Build configuration list for PBXNativeTarget "cat-wallet-ios-2nd" */;
			buildPhases = (
				7F5B9C3F2EAB478D882D1D2C /* [CP] Check Pods Manifest.lock */,
				ADC99BF3217BA247008740BD /* Sources */,
				ADC99BF4217BA247008740BD /* Frameworks */,
				ADC99BF5217BA247008740BD /* Resources */,
				E8B1223B81EFC4156F5CF9BF /* [CP] Embed Pods Frameworks */,
			);
			buildRules = (
			);
			dependencies = (
			);
			name = "cat-wallet-ios-2nd";
			productName = "cat-wallet-ios-2nd";
			productReference = ADC99BF7217BA247008740BD /* cat-wallet-ios-2nd.app */;
			productType = "com.apple.product-type.application";
		};
/* End PBXNativeTarget section */

/* Begin PBXProject section */
		ADC99BEF217BA247008740BD /* Project object */ = {
			isa = PBXProject;
			attributes = {
				LastSwiftUpdateCheck = 1000;
				LastUpgradeCheck = 1000;
				ORGANIZATIONNAME = CatWallet;
				TargetAttributes = {
					ADC99BF6217BA247008740BD = {
						CreatedOnToolsVersion = 10.0;
					};
				};
			};
			buildConfigurationList = ADC99BF2217BA247008740BD /* Build configuration list for PBXProject "cat-wallet-ios-2nd" */;
			compatibilityVersion = "Xcode 9.3";
			developmentRegion = en;
			hasScannedForEncodings = 0;
			knownRegions = (
				en,
				Base,
			);
			mainGroup = ADC99BEE217BA247008740BD;
			productRefGroup = ADC99BF8217BA247008740BD /* Products */;
			projectDirPath = "";
			projectRoot = "";
			targets = (
				ADC99BF6217BA247008740BD /* cat-wallet-ios-2nd */,
			);
		};
/* End PBXProject section */

/* Begin PBXResourcesBuildPhase section */
		ADC99BF5217BA247008740BD /* Resources */ = {
			isa = PBXResourcesBuildPhase;
			buildActionMask = 2147483647;
			files = (
				AD543354218253AF00F58C06 /* WalletsStoryboard.storyboard in Resources */,
				AD1CFF1221965B8A00843B91 /* TableViewCell.xib in Resources */,
				ADC99C05217BA249008740BD /* LaunchScreen.storyboard in Resources */,
				AD1CFF5F219CF86D00843B91 /* SuccessCreationViewController.xib in Resources */,
				AD1CFF58219A711400843B91 /* DAppViewController.xib in Resources */,
				ADC99C02217BA249008740BD /* Assets.xcassets in Resources */,
				AD11D5B8219651DE00B6BE65 /* SendTableViewCell.xib in Resources */,
				AD1CFF542197D98100843B91 /* ContactsTableViewCell.xib in Resources */,
				AD1CFF0C21965B8A00843B91 /* CoinMarketDetialViewController.xib in Resources */,
				ADB04B52219525EA00790A3D /* CentralizedWalletViewController.xib in Resources */,
				AD1CFF0B21965B8A00843B91 /* CoinMarketTableViewCell.xib in Resources */,
				AD11D5B42196516200B6BE65 /* SendNavigationTableViewController.xib in Resources */,
				AD1CFF502197D3AB00843B91 /* ContactsViewController.xib in Resources */,
				AD1CFF352197B0DA00843B91 /* HistoryViewController.xib in Resources */,
				AD1CFF2D21979A8100843B91 /* SendPopUpViewController.xib in Resources */,
				AD54336221838F1800F58C06 /* CreateWalletResultViewController.xib in Resources */,
				ADC7888021AE01630073B94E /* ReceiveViewController.xib in Resources */,
				AD1CFF482197C6D200843B91 /* SendStoryboard.storyboard in Resources */,
				ADB9091821A0FAF100480883 /* SendResultViewController.xib in Resources */,
				ADB9092A21AB6D3800480883 /* NewContactViewController.xib in Resources */,
				ADB9091C21A102EB00480883 /* SendFinalResultViewController.xib in Resources */,
				AD1CFF392197B33300843B91 /* HistoryTableViewCell.xib in Resources */,
				ADC99C00217BA247008740BD /* Main.storyboard in Resources */,
			);
			runOnlyForDeploymentPostprocessing = 0;
		};
/* End PBXResourcesBuildPhase section */

/* Begin PBXShellScriptBuildPhase section */
		7F5B9C3F2EAB478D882D1D2C /* [CP] Check Pods Manifest.lock */ = {
			isa = PBXShellScriptBuildPhase;
			buildActionMask = 2147483647;
			files = (
			);
			inputPaths = (
				"${PODS_PODFILE_DIR_PATH}/Podfile.lock",
				"${PODS_ROOT}/Manifest.lock",
			);
			name = "[CP] Check Pods Manifest.lock";
			outputPaths = (
				"$(DERIVED_FILE_DIR)/Pods-cat-wallet-ios-2nd-checkManifestLockResult.txt",
			);
			runOnlyForDeploymentPostprocessing = 0;
			shellPath = /bin/sh;
			shellScript = "diff \"${PODS_PODFILE_DIR_PATH}/Podfile.lock\" \"${PODS_ROOT}/Manifest.lock\" > /dev/null\nif [ $? != 0 ] ; then\n    # print error to STDERR\n    echo \"error: The sandbox is not in sync with the Podfile.lock. Run 'pod install' or update your CocoaPods installation.\" >&2\n    exit 1\nfi\n# This output is used by Xcode 'outputs' to avoid re-running this script phase.\necho \"SUCCESS\" > \"${SCRIPT_OUTPUT_FILE_0}\"\n";
			showEnvVarsInLog = 0;
		};
		E8B1223B81EFC4156F5CF9BF /* [CP] Embed Pods Frameworks */ = {
			isa = PBXShellScriptBuildPhase;
			buildActionMask = 2147483647;
			files = (
			);
			inputPaths = (
				"${SRCROOT}/Pods/Target Support Files/Pods-cat-wallet-ios-2nd/Pods-cat-wallet-ios-2nd-frameworks.sh",
				"${BUILT_PRODUCTS_DIR}/BigInt/BigInt.framework",
				"${BUILT_PRODUCTS_DIR}/Bolts/Bolts.framework",
				"${BUILT_PRODUCTS_DIR}/CryptoSwift/CryptoSwift.framework",
				"${BUILT_PRODUCTS_DIR}/Eureka/Eureka.framework",
				"${BUILT_PRODUCTS_DIR}/Parse/Parse.framework",
				"${BUILT_PRODUCTS_DIR}/PhoneNumberKit/PhoneNumberKit.framework",
				"${BUILT_PRODUCTS_DIR}/PromiseKit/PromiseKit.framework",
				"${BUILT_PRODUCTS_DIR}/QRCodeReaderViewController/QRCodeReaderViewController.framework",
				"${BUILT_PRODUCTS_DIR}/Realm/Realm.framework",
				"${BUILT_PRODUCTS_DIR}/RealmSwift/RealmSwift.framework",
				"${BUILT_PRODUCTS_DIR}/Result/Result.framework",
				"${BUILT_PRODUCTS_DIR}/SipHash/SipHash.framework",
				"${BUILT_PRODUCTS_DIR}/SkyFloatingLabelTextField/SkyFloatingLabelTextField.framework",
				"${BUILT_PRODUCTS_DIR}/SwiftRLP/SwiftRLP.framework",
				"${BUILT_PRODUCTS_DIR}/scrypt/scrypt.framework",
				"${BUILT_PRODUCTS_DIR}/secp256k1_swift/secp256k1_swift.framework",
				"${BUILT_PRODUCTS_DIR}/web3swift/web3swift.framework",
			);
			name = "[CP] Embed Pods Frameworks";
			outputPaths = (
				"${TARGET_BUILD_DIR}/${FRAMEWORKS_FOLDER_PATH}/BigInt.framework",
				"${TARGET_BUILD_DIR}/${FRAMEWORKS_FOLDER_PATH}/Bolts.framework",
				"${TARGET_BUILD_DIR}/${FRAMEWORKS_FOLDER_PATH}/CryptoSwift.framework",
				"${TARGET_BUILD_DIR}/${FRAMEWORKS_FOLDER_PATH}/Eureka.framework",
				"${TARGET_BUILD_DIR}/${FRAMEWORKS_FOLDER_PATH}/Parse.framework",
				"${TARGET_BUILD_DIR}/${FRAMEWORKS_FOLDER_PATH}/PhoneNumberKit.framework",
				"${TARGET_BUILD_DIR}/${FRAMEWORKS_FOLDER_PATH}/PromiseKit.framework",
				"${TARGET_BUILD_DIR}/${FRAMEWORKS_FOLDER_PATH}/QRCodeReaderViewController.framework",
				"${TARGET_BUILD_DIR}/${FRAMEWORKS_FOLDER_PATH}/Realm.framework",
				"${TARGET_BUILD_DIR}/${FRAMEWORKS_FOLDER_PATH}/RealmSwift.framework",
				"${TARGET_BUILD_DIR}/${FRAMEWORKS_FOLDER_PATH}/Result.framework",
				"${TARGET_BUILD_DIR}/${FRAMEWORKS_FOLDER_PATH}/SipHash.framework",
				"${TARGET_BUILD_DIR}/${FRAMEWORKS_FOLDER_PATH}/SkyFloatingLabelTextField.framework",
				"${TARGET_BUILD_DIR}/${FRAMEWORKS_FOLDER_PATH}/SwiftRLP.framework",
				"${TARGET_BUILD_DIR}/${FRAMEWORKS_FOLDER_PATH}/scrypt.framework",
				"${TARGET_BUILD_DIR}/${FRAMEWORKS_FOLDER_PATH}/secp256k1_swift.framework",
				"${TARGET_BUILD_DIR}/${FRAMEWORKS_FOLDER_PATH}/web3swift.framework",
			);
			runOnlyForDeploymentPostprocessing = 0;
			shellPath = /bin/sh;
			shellScript = "\"${SRCROOT}/Pods/Target Support Files/Pods-cat-wallet-ios-2nd/Pods-cat-wallet-ios-2nd-frameworks.sh\"\n";
			showEnvVarsInLog = 0;
		};
/* End PBXShellScriptBuildPhase section */

/* Begin PBXSourcesBuildPhase section */
		ADC99BF3217BA247008740BD /* Sources */ = {
			isa = PBXSourcesBuildPhase;
			buildActionMask = 2147483647;
			files = (
				ADB9091721A0FAF100480883 /* SendResultViewController.swift in Sources */,
				ADB04B4D2195234100790A3D /* SGPageTitleView.swift in Sources */,
				ADB9091B21A102EB00480883 /* SendFinalResultViewController.swift in Sources */,
				AD1CFF0821965B8A00843B91 /* WebServiceHandler.swift in Sources */,
				AD54335A2182554F00F58C06 /* WalletModel.swift in Sources */,
				AD54335C2182580300F58C06 /* WalletsViewModel.swift in Sources */,
				AD1CFF0E21965B8A00843B91 /* CoinMarketDetialViewController.swift in Sources */,
				AD11D5B7219651DE00B6BE65 /* SendTableViewCell.swift in Sources */,
				AD1CFF1C21966A9F00843B91 /* BottomPopupDismissAnimator.swift in Sources */,
				AD11D5B32196516200B6BE65 /* SendNavigationTableViewController.swift in Sources */,
				ADB04B3F2194FE4600790A3D /* WalletsViewController.swift in Sources */,
				AD1CFF382197B33300843B91 /* HistoryTableViewCell.swift in Sources */,
				ADB04B4B2195234100790A3D /* SGPageContentCollectionView.swift in Sources */,
				AD1CFF1D21966A9F00843B91 /* BottomPopupUtils.swift in Sources */,
				AD1CFF2321966A9F00843B91 /* BottomPopupViewController.swift in Sources */,
				ADB04B4C2195234100790A3D /* SGPageTitleViewConfigure.swift in Sources */,
				AD1CFF4F2197D3AB00843B91 /* ContactsViewController.swift in Sources */,
				ADC99BFD217BA247008740BD /* ViewController.swift in Sources */,
				ADB9093121AB747100480883 /* ContactModel.swift in Sources */,
				ADB04B492195234100790A3D /* SGPageContentScrollView.swift in Sources */,
				ADC7888221AE41330073B94E /* QRSacnerViewController.swift in Sources */,
				ADB9092221A61E4D00480883 /* SettingTableViewController.swift in Sources */,
				AD1CFF342197B0DA00843B91 /* HistoryViewController.swift in Sources */,
				AD1CFF61219CFDC900843B91 /* MainTabBarController.swift in Sources */,
				AD1CFF1F21966A9F00843B91 /* BottomPopupPresentAnimator.swift in Sources */,
				AD543356218253C700F58C06 /* WalletsTableViewController.swift in Sources */,
				AD1CFF2221966A9F00843B91 /* BottomPopupDismissInteractionController.swift in Sources */,
				AD1CFF4A2197CFFA00843B91 /* SetButton.swift in Sources */,
				AD54336121838F1800F58C06 /* CreateWalletResultViewController.swift in Sources */,
				AD5433582182548A00F58C06 /* NewWalletViewController.swift in Sources */,
				AD6CBF7221A0C88D002232C3 /* RealmModel.swift in Sources */,
				AD1CFF2021966A9F00843B91 /* BottomPopupNavigationController.swift in Sources */,
				ADC99BFB217BA247008740BD /* AppDelegate.swift in Sources */,
				AD1CFF2121966A9F00843B91 /* BottomPopupTransitionHandler.swift in Sources */,
				ADB9092421AB67EC00480883 /* ContactsService.swift in Sources */,
				AD1CFF462197C05800843B91 /* SendViewController.swift in Sources */,
				ADB04B4A2195234100790A3D /* SGPageViewPopGestureVC.swift in Sources */,
				ADB9092921AB6D3800480883 /* NewContactViewController.swift in Sources */,
				AD1CFF0F21965B8A00843B91 /* CoinMarketTableViewCell.swift in Sources */,
				ADB04B51219525EA00790A3D /* CentralizedWalletViewController.swift in Sources */,
				AD1CFF5E219CF86D00843B91 /* SuccessCreationViewController.swift in Sources */,
				ADC7887F21AE01630073B94E /* ReceiveViewController.swift in Sources */,
				AD1CFF1121965B8A00843B91 /* TableViewCell.swift in Sources */,
				AD1CFF532197D98100843B91 /* ContactsTableViewCell.swift in Sources */,
				AD1CFF0D21965B8A00843B91 /* CoinMarketTableViewController.swift in Sources */,
				AD1CFF442197C03A00843B91 /* SendNavigationViewController.swift in Sources */,
				AD1CFF2C21979A8100843B91 /* SendPopUpViewController.swift in Sources */,
				AD1CFF0921965B8A00843B91 /* CoinMarket.swift in Sources */,
				AD1CFF57219A711400843B91 /* DAppViewController.swift in Sources */,
				AD1CFF1021965B8A00843B91 /* CoinMarketContant.swift in Sources */,
				ADB9093321ABD27700480883 /* String.swift in Sources */,
				AD54335E2182616900F58C06 /* WalletError.swift in Sources */,
				AD1CFF1E21966A9F00843B91 /* BottomPopupPresentationController.swift in Sources */,
			);
			runOnlyForDeploymentPostprocessing = 0;
		};
/* End PBXSourcesBuildPhase section */

/* Begin PBXVariantGroup section */
		ADC99BFE217BA247008740BD /* Main.storyboard */ = {
			isa = PBXVariantGroup;
			children = (
				ADC99BFF217BA247008740BD /* Base */,
			);
			name = Main.storyboard;
			sourceTree = "<group>";
		};
		ADC99C03217BA249008740BD /* LaunchScreen.storyboard */ = {
			isa = PBXVariantGroup;
			children = (
				ADC99C04217BA249008740BD /* Base */,
			);
			name = LaunchScreen.storyboard;
			sourceTree = "<group>";
		};
/* End PBXVariantGroup section */

/* Begin XCBuildConfiguration section */
		ADC99C07217BA249008740BD /* Debug */ = {
			isa = XCBuildConfiguration;
			buildSettings = {
				ALWAYS_SEARCH_USER_PATHS = NO;
				CLANG_ANALYZER_NONNULL = YES;
				CLANG_ANALYZER_NUMBER_OBJECT_CONVERSION = YES_AGGRESSIVE;
				CLANG_CXX_LANGUAGE_STANDARD = "gnu++14";
				CLANG_CXX_LIBRARY = "libc++";
				CLANG_ENABLE_MODULES = YES;
				CLANG_ENABLE_OBJC_ARC = YES;
				CLANG_ENABLE_OBJC_WEAK = YES;
				CLANG_WARN_BLOCK_CAPTURE_AUTORELEASING = YES;
				CLANG_WARN_BOOL_CONVERSION = YES;
				CLANG_WARN_COMMA = YES;
				CLANG_WARN_CONSTANT_CONVERSION = YES;
				CLANG_WARN_DEPRECATED_OBJC_IMPLEMENTATIONS = YES;
				CLANG_WARN_DIRECT_OBJC_ISA_USAGE = YES_ERROR;
				CLANG_WARN_DOCUMENTATION_COMMENTS = YES;
				CLANG_WARN_EMPTY_BODY = YES;
				CLANG_WARN_ENUM_CONVERSION = YES;
				CLANG_WARN_INFINITE_RECURSION = YES;
				CLANG_WARN_INT_CONVERSION = YES;
				CLANG_WARN_NON_LITERAL_NULL_CONVERSION = YES;
				CLANG_WARN_OBJC_IMPLICIT_RETAIN_SELF = YES;
				CLANG_WARN_OBJC_LITERAL_CONVERSION = YES;
				CLANG_WARN_OBJC_ROOT_CLASS = YES_ERROR;
				CLANG_WARN_RANGE_LOOP_ANALYSIS = YES;
				CLANG_WARN_STRICT_PROTOTYPES = YES;
				CLANG_WARN_SUSPICIOUS_MOVE = YES;
				CLANG_WARN_UNGUARDED_AVAILABILITY = YES_AGGRESSIVE;
				CLANG_WARN_UNREACHABLE_CODE = YES;
				CLANG_WARN__DUPLICATE_METHOD_MATCH = YES;
				CODE_SIGN_IDENTITY = "iPhone Developer";
				COPY_PHASE_STRIP = NO;
				DEBUG_INFORMATION_FORMAT = dwarf;
				ENABLE_STRICT_OBJC_MSGSEND = YES;
				ENABLE_TESTABILITY = YES;
				GCC_C_LANGUAGE_STANDARD = gnu11;
				GCC_DYNAMIC_NO_PIC = NO;
				GCC_NO_COMMON_BLOCKS = YES;
				GCC_OPTIMIZATION_LEVEL = 0;
				GCC_PREPROCESSOR_DEFINITIONS = (
					"DEBUG=1",
					"$(inherited)",
				);
				GCC_WARN_64_TO_32_BIT_CONVERSION = YES;
				GCC_WARN_ABOUT_RETURN_TYPE = YES_ERROR;
				GCC_WARN_UNDECLARED_SELECTOR = YES;
				GCC_WARN_UNINITIALIZED_AUTOS = YES_AGGRESSIVE;
				GCC_WARN_UNUSED_FUNCTION = YES;
				GCC_WARN_UNUSED_VARIABLE = YES;
				IPHONEOS_DEPLOYMENT_TARGET = 12.0;
				MTL_ENABLE_DEBUG_INFO = INCLUDE_SOURCE;
				MTL_FAST_MATH = YES;
				ONLY_ACTIVE_ARCH = YES;
				SDKROOT = iphoneos;
				SWIFT_ACTIVE_COMPILATION_CONDITIONS = DEBUG;
				SWIFT_OPTIMIZATION_LEVEL = "-Onone";
			};
			name = Debug;
		};
		ADC99C08217BA249008740BD /* Release */ = {
			isa = XCBuildConfiguration;
			buildSettings = {
				ALWAYS_SEARCH_USER_PATHS = NO;
				CLANG_ANALYZER_NONNULL = YES;
				CLANG_ANALYZER_NUMBER_OBJECT_CONVERSION = YES_AGGRESSIVE;
				CLANG_CXX_LANGUAGE_STANDARD = "gnu++14";
				CLANG_CXX_LIBRARY = "libc++";
				CLANG_ENABLE_MODULES = YES;
				CLANG_ENABLE_OBJC_ARC = YES;
				CLANG_ENABLE_OBJC_WEAK = YES;
				CLANG_WARN_BLOCK_CAPTURE_AUTORELEASING = YES;
				CLANG_WARN_BOOL_CONVERSION = YES;
				CLANG_WARN_COMMA = YES;
				CLANG_WARN_CONSTANT_CONVERSION = YES;
				CLANG_WARN_DEPRECATED_OBJC_IMPLEMENTATIONS = YES;
				CLANG_WARN_DIRECT_OBJC_ISA_USAGE = YES_ERROR;
				CLANG_WARN_DOCUMENTATION_COMMENTS = YES;
				CLANG_WARN_EMPTY_BODY = YES;
				CLANG_WARN_ENUM_CONVERSION = YES;
				CLANG_WARN_INFINITE_RECURSION = YES;
				CLANG_WARN_INT_CONVERSION = YES;
				CLANG_WARN_NON_LITERAL_NULL_CONVERSION = YES;
				CLANG_WARN_OBJC_IMPLICIT_RETAIN_SELF = YES;
				CLANG_WARN_OBJC_LITERAL_CONVERSION = YES;
				CLANG_WARN_OBJC_ROOT_CLASS = YES_ERROR;
				CLANG_WARN_RANGE_LOOP_ANALYSIS = YES;
				CLANG_WARN_STRICT_PROTOTYPES = YES;
				CLANG_WARN_SUSPICIOUS_MOVE = YES;
				CLANG_WARN_UNGUARDED_AVAILABILITY = YES_AGGRESSIVE;
				CLANG_WARN_UNREACHABLE_CODE = YES;
				CLANG_WARN__DUPLICATE_METHOD_MATCH = YES;
				CODE_SIGN_IDENTITY = "iPhone Developer";
				COPY_PHASE_STRIP = NO;
				DEBUG_INFORMATION_FORMAT = "dwarf-with-dsym";
				ENABLE_NS_ASSERTIONS = NO;
				ENABLE_STRICT_OBJC_MSGSEND = YES;
				GCC_C_LANGUAGE_STANDARD = gnu11;
				GCC_NO_COMMON_BLOCKS = YES;
				GCC_WARN_64_TO_32_BIT_CONVERSION = YES;
				GCC_WARN_ABOUT_RETURN_TYPE = YES_ERROR;
				GCC_WARN_UNDECLARED_SELECTOR = YES;
				GCC_WARN_UNINITIALIZED_AUTOS = YES_AGGRESSIVE;
				GCC_WARN_UNUSED_FUNCTION = YES;
				GCC_WARN_UNUSED_VARIABLE = YES;
				IPHONEOS_DEPLOYMENT_TARGET = 12.0;
				MTL_ENABLE_DEBUG_INFO = NO;
				MTL_FAST_MATH = YES;
				SDKROOT = iphoneos;
				SWIFT_COMPILATION_MODE = wholemodule;
				SWIFT_OPTIMIZATION_LEVEL = "-O";
				VALIDATE_PRODUCT = YES;
			};
			name = Release;
		};
		ADC99C0A217BA249008740BD /* Debug */ = {
			isa = XCBuildConfiguration;
			baseConfigurationReference = 56B004E6FDBB87F45F5AFB54 /* Pods-cat-wallet-ios-2nd.debug.xcconfig */;
			buildSettings = {
				ASSETCATALOG_COMPILER_APPICON_NAME = AppIcon;
				CODE_SIGN_STYLE = Automatic;
				DEVELOPMENT_TEAM = 6MSVWC4J65;
				INFOPLIST_FILE = "cat-wallet-ios-2nd/Info.plist";
				LD_RUNPATH_SEARCH_PATHS = (
					"$(inherited)",
					"@executable_path/Frameworks",
				);
				PRODUCT_BUNDLE_IDENTIFIER = "CatWallet.cat-wallet-ios-2nd";
				PRODUCT_NAME = "$(TARGET_NAME)";
				SWIFT_VERSION = 4.2;
				TARGETED_DEVICE_FAMILY = "1,2";
			};
			name = Debug;
		};
		ADC99C0B217BA249008740BD /* Release */ = {
			isa = XCBuildConfiguration;
			baseConfigurationReference = 90089F524BB8EB34418614CD /* Pods-cat-wallet-ios-2nd.release.xcconfig */;
			buildSettings = {
				ASSETCATALOG_COMPILER_APPICON_NAME = AppIcon;
				CODE_SIGN_STYLE = Automatic;
				DEVELOPMENT_TEAM = 6MSVWC4J65;
				INFOPLIST_FILE = "cat-wallet-ios-2nd/Info.plist";
				LD_RUNPATH_SEARCH_PATHS = (
					"$(inherited)",
					"@executable_path/Frameworks",
				);
				PRODUCT_BUNDLE_IDENTIFIER = "CatWallet.cat-wallet-ios-2nd";
				PRODUCT_NAME = "$(TARGET_NAME)";
				SWIFT_VERSION = 4.2;
				TARGETED_DEVICE_FAMILY = "1,2";
			};
			name = Release;
		};
/* End XCBuildConfiguration section */

/* Begin XCConfigurationList section */
		ADC99BF2217BA247008740BD /* Build configuration list for PBXProject "cat-wallet-ios-2nd" */ = {
			isa = XCConfigurationList;
			buildConfigurations = (
				ADC99C07217BA249008740BD /* Debug */,
				ADC99C08217BA249008740BD /* Release */,
			);
			defaultConfigurationIsVisible = 0;
			defaultConfigurationName = Release;
		};
		ADC99C09217BA249008740BD /* Build configuration list for PBXNativeTarget "cat-wallet-ios-2nd" */ = {
			isa = XCConfigurationList;
			buildConfigurations = (
				ADC99C0A217BA249008740BD /* Debug */,
				ADC99C0B217BA249008740BD /* Release */,
			);
			defaultConfigurationIsVisible = 0;
			defaultConfigurationName = Release;
		};
/* End XCConfigurationList section */
	};
	rootObject = ADC99BEF217BA247008740BD /* Project object */;
}
