PODS:
  - BigInt (3.1.0):
    - SipHash (~> 1.2)
  - Bolts/Tasks (1.9.0)
  - CryptoSwift (0.13.0)
  - EthereumABI (1.1.1):
    - BigInt (~> 3.1)
    - CryptoSwift (~> 0.13)
    - EthereumAddress (~> 1.0.0)
  - EthereumAddress (1.0.0):
    - CryptoSwift (~> 0.13)
  - Eureka (4.3.0)
  - MBProgressHUD (1.1.0)
  - Parse (1.17.1):
    - Parse/Core (= 1.17.1)
  - Parse/Core (1.17.1):
    - Bolts/Tasks (~> 1.9)
  - PhoneNumberKit (2.5.0):
    - PhoneNumberKit/PhoneNumberKitCore (= 2.5.0)
    - PhoneNumberKit/UIKit (= 2.5.0)
  - PhoneNumberKit/PhoneNumberKitCore (2.5.0)
  - PhoneNumberKit/UIKit (2.5.0):
    - PhoneNumberKit/PhoneNumberKitCore
  - PromiseKit (6.5.2):
    - PromiseKit/CorePromise (= 6.5.2)
    - PromiseKit/Foundation (= 6.5.2)
    - PromiseKit/UIKit (= 6.5.2)
  - PromiseKit/CorePromise (6.5.2)
  - PromiseKit/Foundation (6.5.2):
    - PromiseKit/CorePromise
  - PromiseKit/UIKit (6.5.2):
    - PromiseKit/CorePromise
  - QRCodeReaderViewController (4.0.2)
  - Realm (3.11.1):
    - Realm/Headers (= 3.11.1)
  - Realm/Headers (3.11.1)
  - RealmSwift (3.11.1):
    - Realm (= 3.11.1)
  - scrypt (2.0):
    - CryptoSwift (~> 0.11)
  - secp256k1_swift (1.0.3)
  - SipHash (1.2.2)
  - SkyFloatingLabelTextField (3.6.0)
  - SwiftRLP (1.2):
    - BigInt (~> 3.1)
  - web3swift (2.0.1):
    - BigInt (~> 3.1)
    - CryptoSwift (~> 0.13)
    - EthereumABI (~> 1.1.1)
    - EthereumAddress (~> 1.0.0)
    - PromiseKit (~> 6.3)
    - scrypt (~> 2.0)
    - secp256k1_swift (~> 1.0.3)
    - SwiftRLP (~> 1.1)

DEPENDENCIES:
  - BigInt (~> 3.1)
  - Eureka (~> 4.3)
  - MBProgressHUD
  - Parse
  - PhoneNumberKit
  - QRCodeReaderViewController
  - RealmSwift (~> 3.11)
  - SkyFloatingLabelTextField (~> 3.6)
  - web3swift (~> 2.0.1)

SPEC REPOS:
  https://github.com/cocoapods/specs.git:
    - BigInt
    - Bolts
    - CryptoSwift
    - EthereumABI
    - EthereumAddress
    - Eureka
    - MBProgressHUD
    - Parse
    - PhoneNumberKit
    - PromiseKit
    - QRCodeReaderViewController
    - Realm
    - RealmSwift
    - scrypt
    - secp256k1_swift
    - SipHash
    - SkyFloatingLabelTextField
    - SwiftRLP
    - web3swift

SPEC CHECKSUMS:
  BigInt: 76b5dfdfa3e2e478d4ffdf161aeede5502e2742f
  Bolts: ac6567323eac61e203f6a9763667d0f711be34c8
  CryptoSwift: 16e78bebf567bad1c87b2d58f6547f25b74c31aa
  EthereumABI: f040f5429e5a4366d028c88b88d9441e137593af
  EthereumAddress: f476e1320dca3a0024431e713ede7a09c7eb7796
  Eureka: 6d711cb30ca333b4bc893110285a722ae3840114
  MBProgressHUD: e7baa36a220447d8aeb12769bf0585582f3866d9
  Parse: d3edaf8c7c722cb33cb83ba7821d015ae32d362d
  PhoneNumberKit: 32a1cd1e0aa9e950feb01886a22fd7386b8cf903
  PromiseKit: 27c1601bfb73405871b805bcb8cf7e55c4dad3db
  QRCodeReaderViewController: e8f27d035b3e72b1d4b1c61ff66458287e3be0ff
  Realm: 037c5919b9ceb59d6beed5d3b031096856b119b3
  RealmSwift: c9580133e73ef40ed340401af2dbc9a5790dfea7
  scrypt: 3fe5b1a3b0976f97cd87488673a8f7c65708cc84
  secp256k1_swift: 4fc5c4b2d2c6d21ee8ccb868cdc92da12f38bed9
  SipHash: fad90a4683e420c52ef28063063dbbce248ea6d4
  SkyFloatingLabelTextField: 38164979b79512f9ff9288ad8acfc4bbf5d843e3
  SwiftRLP: 98a02b2210128353ca02e4c2f4d83e2a9796db4f
  web3swift: 33f30ca0e061e0f89117dfb46f5ee9f626eff6d6

PODFILE CHECKSUM: 6fc0882efd665132a0523d5b3d6976a5c2111de3

COCOAPODS: 1.5.3
